{
  "name": "daily-dashboard",
  "version": "1.0.0",
  "lockfileVersion": 2,
  "requires": true,
  "packages": {
    "": {
      "name": "daily-dashboard",
      "version": "1.0.0",
      "license": "MIT",
      "dependencies": {
        "calendar-dates": "^2.7.0"
      }
    },
    "node_modules/calendar-dates": {
      "version": "2.7.0",
      "resolved": "https://registry.npmjs.org/calendar-dates/-/calendar-dates-2.7.0.tgz",
      "integrity": "sha512-TFfAUDYwuX4FC9iCfkf33P+2UZIZ3boIlaq7XvgvnF800H4mJO29Nid9o19q/C27G9+B1TqtwQKnFXg97JJGhg=="
    }
  },
  "dependencies": {
    "calendar-dates": {
      "version": "2.7.0",
      "resolved": "https://registry.npmjs.org/calendar-dates/-/calendar-dates-2.7.0.tgz",
      "integrity": "sha512-TFfAUDYwuX4FC9iCfkf33P+2UZIZ3boIlaq7XvgvnF800H4mJO29Nid9o19q/C27G9+B1TqtwQKnFXg97JJGhg=="
    }
  }
}
